github.com/mohammadne/data_structures/graph v0.0.0-20210405142902-6e67fb5f2035 h1:fz2S7zPLVBiONQrspR4J535MXuhn7xU3kRuFgT/vfdY=
github.com/mohammadne/data_structures/graph v0.0.0-20210405142902-6e67fb5f2035/go.mod h1:KCrFb1XoS1nAokTiSPuq7yOV7iXMLvWXNkq+Zkfs+Fc=
github.com/mohammadne/data_structures/graph v0.0.0-20210405154757-a7d61f3620a5 h1:E+T4WK1TEaoePaHRegcgEPgNwk7LfA2EuIKjy+u1eCo=
github.com/mohammadne/data_structures/graph v0.0.0-20210405154757-a7d61f3620a5/go.mod h1:KCrFb1XoS1nAokTiSPuq7yOV7iXMLvWXNkq+Zkfs+Fc=
github.com/mohammadne/data_structures/graph v0.0.0-20210405160043-deb42a735f5a h1:qh+HXoo2Jn2hJC862M6iR5Bg+rP03L1sfVMiRMPPwdc=
github.com/mohammadne/data_structures/graph v0.0.0-20210405160043-deb42a735f5a/go.mod h1:KCrFb1XoS1nAokTiSPuq7yOV7iXMLvWXNkq+Zkfs+Fc=
github.com/mohammadne/data_structures/queue v0.0.0-20210405142902-6e67fb5f2035 h1:FcFrTygbLdNPobZgGnsAtb4K0jv9/Tx2KZllfVKioXU=
github.com/mohammadne/data_structures/queue v0.0.0-20210405142902-6e67fb5f2035/go.mod h1:i51s4ZzqjI4NhoKU329C7fzAxPFP7rBN7ez331G6oI8=
github.com/mohammadne/data_structures/queue v0.0.0-20210405154757-a7d61f3620a5 h1:lS439L/HEeksQkTOmQF1rhB3rU+ioGbJmM5Qo7qOq2s=
github.com/mohammadne/data_structures/queue v0.0.0-20210405154757-a7d61f3620a5/go.mod h1:i51s4ZzqjI4NhoKU329C7fzAxPFP7rBN7ez331G6oI8=
github.com/mohammadne/data_structures/queue v0.0.0-20210405160043-deb42a735f5a h1:vusWskZ9FRmQUX3qcWYo3cgXEnj8udtY53MWNVdipKg=
github.com/mohammadne/data_structures/queue v0.0.0-20210405160043-deb42a735f5a/go.mod h1:i51s4ZzqjI4NhoKU329C7fzAxPFP7rBN7ez331G6oI8=
github.com/mohammadne/data_structures/queue v0.0.0-20210405171009-257476a5cd19 h1:zNe2LbEUofLoHGKTMrsVrekpLo+k6tBMQp77sVGg3Qw=
github.com/mohammadne/data_structures/queue v0.0.0-20210405171009-257476a5cd19/go.mod h1:i51s4ZzqjI4NhoKU329C7fzAxPFP7rBN7ez331G6oI8=
github.com/mohammadne/data_structures/queue v0.0.0-20210405174833-e077229f98d1 h1:eyVC/ShkplxYhxNNr1Y/nAlgpNAxhcsKxKZ/OoV+yrw=
github.com/mohammadne/data_structures/queue v0.0.0-20210405174833-e077229f98d1/go.mod h1:i51s4ZzqjI4NhoKU329C7fzAxPFP7rBN7ez331G6oI8=
github.com/mohammadne/data_structures/stack v0.0.0-20210405142902-6e67fb5f2035/go.mod h1:Ob+XBBl4AcSAglu6xuOPTCHvw0LsVs32aYBBHRjQRiM=
github.com/mohammadne/data_structures/stack v0.0.0-20210405154757-a7d61f3620a5 h1:TMzLNU8EWAxWlnCcbLimJ+17gAMObmFKdGyG+ml7a0c=
github.com/mohammadne/data_structures/stack v0.0.0-20210405154757-a7d61f3620a5/go.mod h1:Ob+XBBl4AcSAglu6xuOPTCHvw0LsVs32aYBBHRjQRiM=
github.com/mohammadne/data_structures/stack v0.0.0-20210405160043-deb42a735f5a h1:kRRdSsROQFKNBfIsYAap9BUGlgKy5G3d2Rv/0RIxz7I=
github.com/mohammadne/data_structures/stack v0.0.0-20210405160043-deb42a735f5a/go.mod h1:Ob+XBBl4AcSAglu6xuOPTCHvw0LsVs32aYBBHRjQRiM=
github.com/mohammadne/data_structures/stack v0.0.0-20210405171009-257476a5cd19 h1:5F8A8VvQxb52hLt79lneyk3KeADF3Y3B29JW0xKrQ5Y=
github.com/mohammadne/data_structures/stack v0.0.0-20210405171009-257476a5cd19/go.mod h1:Ob+XBBl4AcSAglu6xuOPTCHvw0LsVs32aYBBHRjQRiM=
