github.com/mohammadne/data_structures/graph v0.0.0-20210405160043-deb42a735f5a h1:qh+HXoo2Jn2hJC862M6iR5Bg+rP03L1sfVMiRMPPwdc=
github.com/mohammadne/data_structures/graph v0.0.0-20210405160043-deb42a735f5a/go.mod h1:KCrFb1XoS1nAokTiSPuq7yOV7iXMLvWXNkq+Zkfs+Fc=
github.com/mohammadne/data_structures/queue v0.0.0-20210405174833-e077229f98d1 h1:eyVC/ShkplxYhxNNr1Y/nAlgpNAxhcsKxKZ/OoV+yrw=
github.com/mohammadne/data_structures/queue v0.0.0-20210405174833-e077229f98d1/go.mod h1:i51s4ZzqjI4NhoKU329C7fzAxPFP7rBN7ez331G6oI8=
github.com/mohammadne/data_structures/stack v0.0.0-20210405171009-257476a5cd19 h1:5F8A8VvQxb52hLt79lneyk3KeADF3Y3B29JW0xKrQ5Y=
github.com/mohammadne/data_structures/stack v0.0.0-20210405171009-257476a5cd19/go.mod h1:Ob+XBBl4AcSAglu6xuOPTCHvw0LsVs32aYBBHRjQRiM=
